
Microsoft Visual Studio Solution File, Format Version 12.00
# Visual Studio Version 17
VisualStudioVersion = 17.2.32505.173
MinimumVisualStudioVersion = 10.0.40219.1
Project("{FAE04EC0-301F-11D3-BF4B-00C04F79EFBC}") = "Bloknot", "Bloknot\Bloknot.csproj", "{6822D946-CE84-4AC5-B890-1D025037DC2F}"
EndProject
Global
	GlobalSection(SolutionConfigurationPlatforms) = preSolution
		Debug|Any CPU = Debug|Any CPU
		Release|Any CPU = Release|Any CPU
	EndGlobalSection
	GlobalSection(ProjectConfigurationPlatforms) = postSolution
		{6822D946-CE84-4AC5-B890-1D025037DC2F}.Debug|Any CPU.ActiveCfg = Debug|Any CPU
		{6822D946-CE84-4AC5-B890-1D025037DC2F}.Debug|Any CPU.Build.0 = Debug|Any CPU
		{6822D946-CE84-4AC5-B890-1D025037DC2F}.Release|Any CPU.ActiveCfg = Release|Any CPU
		{6822D946-CE84-4AC5-B890-1D025037DC2F}.Release|Any CPU.Build.0 = Release|Any CPU
	EndGlobalSection
	GlobalSection(SolutionProperties) = preSolution
		HideSolutionNode = FALSE
	EndGlobalSection
	GlobalSection(ExtensibilityGlobals) = postSolution
		SolutionGuid = {31A3953E-077E-4BC4-ADDF-CC42F45A0419}
	EndGlobalSection
EndGlobal
